// !$*UTF8*$!
{
	archiveVersion = 1;
	classes = {
	};
	objectVersion = 46;
	objects = {

/* Begin PBXBuildFile section */
		B752DF311BA28EC00084BF70 /* main.m in Sources */ = {isa = PBXBuildFile; fileRef = B752DF301BA28EC00084BF70 /* main.m */; };
		B752DF341BA28EC00084BF70 /* AppDelegate.m in Sources */ = {isa = PBXBuildFile; fileRef = B752DF331BA28EC00084BF70 /* AppDelegate.m */; };
		B752DF371BA28EC00084BF70 /* ViewController.m in Sources */ = {isa = PBXBuildFile; fileRef = B752DF361BA28EC00084BF70 /* ViewController.m */; };
		B752DF3A1BA28EC00084BF70 /* Main.storyboard in Resources */ = {isa = PBXBuildFile; fileRef = B752DF381BA28EC00084BF70 /* Main.storyboard */; };
		B752DF3C1BA28EC00084BF70 /* Images.xcassets in Resources */ = {isa = PBXBuildFile; fileRef = B752DF3B1BA28EC00084BF70 /* Images.xcassets */; };
		B752DF3F1BA28EC00084BF70 /* LaunchScreen.xib in Resources */ = {isa = PBXBuildFile; fileRef = B752DF3D1BA28EC00084BF70 /* LaunchScreen.xib */; };
		B752DF4B1BA28EC00084BF70 /* Demo_WebViewTests.m in Sources */ = {isa = PBXBuildFile; fileRef = B752DF4A1BA28EC00084BF70 /* Demo_WebViewTests.m */; };
/* End PBXBuildFile section */

/* Begin PBXContainerItemProxy section */
		B752DF451BA28EC00084BF70 /* PBXContainerItemProxy */ = {
			isa = PBXContainerItemProxy;
			containerPortal = B752DF231BA28EC00084BF70 /* Project object */;
			proxyType = 1;
			remoteGlobalIDString = B752DF2A1BA28EC00084BF70;
			remoteInfo = Demo_WebView;
		};
/* End PBXContainerItemProxy section */

/* Begin PBXFileReference section */
		B752DF2B1BA28EC00084BF70 /* Demo_WebView.app */ = {isa = PBXFileReference; explicitFileType = wrapper.application; includeInIndex = 0; path = Demo_WebView.app; sourceTree = BUILT_PRODUCTS_DIR; };
		B752DF2F1BA28EC00084BF70 /* Info.plist */ = {isa = PBXFileReference; lastKnownFileType = text.plist.xml; path = Info.plist; sourceTree = "<group>"; };
		B752DF301BA28EC00084BF70 /* main.m */ = {isa = PBXFileReference; lastKnownFileType = sourcecode.c.objc; path = main.m; sourceTree = "<group>"; };
		B752DF321BA28EC00084BF70 /* AppDelegate.h */ = {isa = PBXFileReference; lastKnownFileType = sourcecode.c.h; path = AppDelegate.h; sourceTree = "<group>"; };
		B752DF331BA28EC00084BF70 /* AppDelegate.m */ = {isa = PBXFileReference; lastKnownFileType = sourcecode.c.objc; path = AppDelegate.m; sourceTree = "<group>"; };
		B752DF351BA28EC00084BF70 /* ViewController.h */ = {isa = PBXFileReference; lastKnownFileType = sourcecode.c.h; path = ViewController.h; sourceTree = "<group>"; };
		B752DF361BA28EC00084BF70 /* ViewController.m */ = {isa = PBXFileReference; lastKnownFileType = sourcecode.c.objc; path = ViewController.m; sourceTree = "<group>"; };
		B752DF391BA28EC00084BF70 /* Base */ = {isa = PBXFileReference; lastKnownFileType = file.storyboard; name = Base; path = Base.lproj/Main.storyboard; sourceTree = "<group>"; };
		B752DF3B1BA28EC00084BF70 /* Images.xcassets */ = {isa = PBXFileReference; lastKnownFileType = folder.assetcatalog; path = Images.xcassets; sourceTree = "<group>"; };
		B752DF3E1BA28EC00084BF70 /* Base */ = {isa = PBXFileReference; lastKnownFileType = file.xib; name = Base; path = Base.lproj/LaunchScreen.xib; sourceTree = "<group>"; };
		B752DF441BA28EC00084BF70 /* Demo_WebViewTests.xctest */ = {isa = PBXFileReference; explicitFileType = wrapper.cfbundle; includeInIndex = 0; path = Demo_WebViewTests.xctest; sourceTree = BUILT_PRODUCTS_DIR; };
		B752DF491BA28EC00084BF70 /* Info.plist */ = {isa = PBXFileReference; lastKnownFileType = text.plist.xml; path = Info.plist; sourceTree = "<group>"; };
		B752DF4A1BA28EC00084BF70 /* Demo_WebViewTests.m */ = {isa = PBXFileReference; lastKnownFileType = sourcecode.c.objc; path = Demo_WebViewTests.m; sourceTree = "<group>"; };
/* End PBXFileReference section */

/* Begin PBXFrameworksBuildPhase section */
		B752DF281BA28EC00084BF70 /* Frameworks */ = {
			isa = PBXFrameworksBuildPhase;
			buildActionMask = 2147483647;
			files = (
			);
			runOnlyForDeploymentPostprocessing = 0;
		};
		B752DF411BA28EC00084BF70 /* Frameworks */ = {
			isa = PBXFrameworksBuildPhase;
			buildActionMask = 2147483647;
			files = (
			);
			runOnlyForDeploymentPostprocessing = 0;
		};
/* End PBXFrameworksBuildPhase section */

/* Begin PBXGroup section */
		B752DF221BA28EC00084BF70 = {
			isa = PBXGroup;
			children = (
				B752DF2D1BA28EC00084BF70 /* Demo_WebView */,
				B752DF471BA28EC00084BF70 /* Demo_WebViewTests */,
				B752DF2C1BA28EC00084BF70 /* Products */,
			);
			sourceTree = "<group>";
		};
		B752DF2C1BA28EC00084BF70 /* Products */ = {
			isa = PBXGroup;
			children = (
				B752DF2B1BA28EC00084BF70 /* Demo_WebView.app */,
				B752DF441BA28EC00084BF70 /* Demo_WebViewTests.xctest */,
			);
			name = Products;
			sourceTree = "<group>";
		};
		B752DF2D1BA28EC00084BF70 /* Demo_WebView */ = {
			isa = PBXGroup;
			children = (
				B752DF321BA28EC00084BF70 /* AppDelegate.h */,
				B752DF331BA28EC00084BF70 /* AppDelegate.m */,
				B752DF351BA28EC00084BF70 /* ViewController.h */,
				B752DF361BA28EC00084BF70 /* ViewController.m */,
				B752DF381BA28EC00084BF70 /* Main.storyboard */,
				B752DF3B1BA28EC00084BF70 /* Images.xcassets */,
				B752DF3D1BA28EC00084BF70 /* LaunchScreen.xib */,
				B752DF2E1BA28EC00084BF70 /* Supporting Files */,
			);
			path = Demo_WebView;
			sourceTree = "<group>";
		};
		B752DF2E1BA28EC00084BF70 /* Supporting Files */ = {
			isa = PBXGroup;
			children = (
				B752DF2F1BA28EC00084BF70 /* Info.plist */,
				B752DF301BA28EC00084BF70 /* main.m */,
			);
			name = "Supporting Files";
			sourceTree = "<group>";
		};
		B752DF471BA28EC00084BF70 /* Demo_WebViewTests */ = {
			isa = PBXGroup;
			children = (
				B752DF4A1BA28EC00084BF70 /* Demo_WebViewTests.m */,
				B752DF481BA28EC00084BF70 /* Supporting Files */,
			);
			path = Demo_WebViewTests;
			sourceTree = "<group>";
		};
		B752DF481BA28EC00084BF70 /* Supporting Files */ = {
			isa = PBXGroup;
			children = (
				B752DF491BA28EC00084BF70 /* Info.plist */,
			);
			name = "Supporting Files";
			sourceTree = "<group>";
		};
/* End PBXGroup section */

/* Begin PBXNativeTarget section */
		B752DF2A1BA28EC00084BF70 /* Demo_WebView */ = {
			isa = PBXNativeTarget;
			buildConfigurationList = B752DF4E1BA28EC00084BF70 /* Build configuration list for PBXNativeTarget "Demo_WebView" */;
			buildPhases = (
				B752DF271BA28EC00084BF70 /* Sources */,
				B752DF281BA28EC00084BF70 /* Frameworks */,
				B752DF291BA28EC00084BF70 /* Resources */,
			);
			buildRules = (
			);
			dependencies = (
			);
			name = Demo_WebView;
			productName = Demo_WebView;
			productReference = B752DF2B1BA28EC00084BF70 /* Demo_WebView.app */;
			productType = "com.apple.product-type.application";
		};
		B752DF431BA28EC00084BF70 /* Demo_WebViewTests */ = {
			isa = PBXNativeTarget;
			buildConfigurationList = B752DF511BA28EC00084BF70 /* Build configuration list for PBXNativeTarget "Demo_WebViewTests" */;
			buildPhases = (
				B752DF401BA28EC00084BF70 /* Sources */,
				B752DF411BA28EC00084BF70 /* Frameworks */,
				B752DF421BA28EC00084BF70 /* Resources */,
			);
			buildRules = (
			);
			dependencies = (
				B752DF461BA28EC00084BF70 /* PBXTargetDependency */,
			);
			name = Demo_WebViewTests;
			productName = Demo_WebViewTests;
			productReference = B752DF441BA28EC00084BF70 /* Demo_WebViewTests.xctest */;
			productType = "com.apple.product-type.bundle.unit-test";
		};
/* End PBXNativeTarget section */

/* Begin PBXProject section */
		B752DF231BA28EC00084BF70 /* Project object */ = {
			isa = PBXProject;
			attributes = {
				LastUpgradeCheck = 0640;
				ORGANIZATIONNAME = notrace;
				TargetAttributes = {
					B752DF2A1BA28EC00084BF70 = {
						CreatedOnToolsVersion = 6.4;
					};
					B752DF431BA28EC00084BF70 = {
						CreatedOnToolsVersion = 6.4;
						TestTargetID = B752DF2A1BA28EC00084BF70;
					};
				};
			};
			buildConfigurationList = B752DF261BA28EC00084BF70 /* Build configuration list for PBXProject "Demo_WebView" */;
			compatibilityVersion = "Xcode 3.2";
			developmentRegion = English;
			hasScannedForEncodings = 0;
			knownRegions = (
				en,
				Base,
			);
			mainGroup = B752DF221BA28EC00084BF70;
			productRefGroup = B752DF2C1BA28EC00084BF70 /* Products */;
			projectDirPath = "";
			projectRoot = "";
			targets = (
				B752DF2A1BA28EC00084BF70 /* Demo_WebView */,
				B752DF431BA28EC00084BF70 /* Demo_WebViewTests */,
			);
		};
/* End PBXProject section */

/* Begin PBXResourcesBuildPhase section */
		B752DF291BA28EC00084BF70 /* Resources */ = {
			isa = PBXResourcesBuildPhase;
			buildActionMask = 2147483647;
			files = (
				B752DF3A1BA28EC00084BF70 /* Main.storyboard in Resources */,
				B752DF3F1BA28EC00084BF70 /* LaunchScreen.xib in Resources */,
				B752DF3C1BA28EC00084BF70 /* Images.xcassets in Resources */,
			);
			runOnlyForDeploymentPostprocessing = 0;
		};
		B752DF421BA28EC00084BF70 /* Resources */ = {
			isa = PBXResourcesBuildPhase;
			buildActionMask = 2147483647;
			files = (
			);
			runOnlyForDeploymentPostprocessing = 0;
		};
/* End PBXResourcesBuildPhase section */

/* Begin PBXSourcesBuildPhase section */
		B752DF271BA28EC00084BF70 /* Sources */ = {
			isa = PBXSourcesBuildPhase;
			buildActionMask = 2147483647;
			files = (
				B752DF371BA28EC00084BF70 /* ViewController.m in Sources */,
				B752DF341BA28EC00084BF70 /* AppDelegate.m in Sources */,
				B752DF311BA28EC00084BF70 /* main.m in Sources */,
			);
			runOnlyForDeploymentPostprocessing = 0;
		};
		B752DF401BA28EC00084BF70 /* Sources */ = {
			isa = PBXSourcesBuildPhase;
			buildActionMask = 2147483647;
			files = (
				B752DF4B1BA28EC00084BF70 /* Demo_WebViewTests.m in Sources */,
			);
			runOnlyForDeploymentPostprocessing = 0;
		};
/* End PBXSourcesBuildPhase section */

/* Begin PBXTargetDependency section */
		B752DF461BA28EC00084BF70 /* PBXTargetDependency */ = {
			isa = PBXTargetDependency;
			target = B752DF2A1BA28EC00084BF70 /* Demo_WebView */;
			targetProxy = B752DF451BA28EC00084BF70 /* PBXContainerItemProxy */;
		};
/* End PBXTargetDependency section */

/* Begin PBXVariantGroup section */
		B752DF381BA28EC00084BF70 /* Main.storyboard */ = {
			isa = PBXVariantGroup;
			children = (
				B752DF391BA28EC00084BF70 /* Base */,
			);
			name = Main.storyboard;
			sourceTree = "<group>";
		};
		B752DF3D1BA28EC00084BF70 /* LaunchScreen.xib */ = {
			isa = PBXVariantGroup;
			children = (
				B752DF3E1BA28EC00084BF70 /* Base */,
			);
			name = LaunchScreen.xib;
			sourceTree = "<group>";
		};
/* End PBXVariantGroup section */

/* Begin XCBuildConfiguration section */
		B752DF4C1BA28EC00084BF70 /* Debug */ = {
			isa = XCBuildConfiguration;
			buildSettings = {
				ALWAYS_SEARCH_USER_PATHS = NO;
				CLANG_CXX_LANGUAGE_STANDARD = "gnu++0x";
				CLANG_CXX_LIBRARY = "libc++";
				CLANG_ENABLE_MODULES = YES;
				CLANG_ENABLE_OBJC_ARC = YES;
				CLANG_WARN_BOOL_CONVERSION = YES;
				CLANG_WARN_CONSTANT_CONVERSION = YES;
				CLANG_WARN_DIRECT_OBJC_ISA_USAGE = YES_ERROR;
				CLANG_WARN_EMPTY_BODY = YES;
				CLANG_WARN_ENUM_CONVERSION = YES;
				CLANG_WARN_INT_CONVERSION = YES;
				CLANG_WARN_OBJC_ROOT_CLASS = YES_ERROR;
				CLANG_WARN_UNREACHABLE_CODE = YES;
				CLANG_WARN__DUPLICATE_METHOD_MATCH = YES;
				"CODE_SIGN_IDENTITY[sdk=iphoneos*]" = "iPhone Developer";
				COPY_PHASE_STRIP = NO;
				DEBUG_INFORMATION_FORMAT = "dwarf-with-dsym";
				ENABLE_STRICT_OBJC_MSGSEND = YES;
				GCC_C_LANGUAGE_STANDARD = gnu99;
				GCC_DYNAMIC_NO_PIC = NO;
				GCC_NO_COMMON_BLOCKS = YES;
				GCC_OPTIMIZATION_LEVEL = 0;
				GCC_PREPROCESSOR_DEFINITIONS = (
					"DEBUG=1",
					"$(inherited)",
				);
				GCC_SYMBOLS_PRIVATE_EXTERN = NO;
				GCC_WARN_64_TO_32_BIT_CONVERSION = YES;
				GCC_WARN_ABOUT_RETURN_TYPE = YES_ERROR;
				GCC_WARN_UNDECLARED_SELECTOR = YES;
				GCC_WARN_UNINITIALIZED_AUTOS = YES_AGGRESSIVE;
				GCC_WARN_UNUSED_FUNCTION = YES;
				GCC_WARN_UNUSED_VARIABLE = YES;
				IPHONEOS_DEPLOYMENT_TARGET = 8.4;
				MTL_ENABLE_DEBUG_INFO = YES;
				ONLY_ACTIVE_ARCH = YES;
				SDKROOT = iphoneos;
			};
			name = Debug;
		};
		B752DF4D1BA28EC00084BF70 /* Release */ = {
			isa = XCBuildConfiguration;
			buildSettings = {
				ALWAYS_SEARCH_USER_PATHS = NO;
				CLANG_CXX_LANGUAGE_STANDARD = "gnu++0x";
				CLANG_CXX_LIBRARY = "libc++";
				CLANG_ENABLE_MODULES = YES;
				CLANG_ENABLE_OBJC_ARC = YES;
				CLANG_WARN_BOOL_CONVERSION = YES;
				CLANG_WARN_CONSTANT_CONVERSION = YES;
				CLANG_WARN_DIRECT_OBJC_ISA_USAGE = YES_ERROR;
				CLANG_WARN_EMPTY_BODY = YES;
				CLANG_WARN_ENUM_CONVERSION = YES;
				CLANG_WARN_INT_CONVERSION = YES;
				CLANG_WARN_OBJC_ROOT_CLASS = YES_ERROR;
				CLANG_WARN_UNREACHABLE_CODE = YES;
				CLANG_WARN__DUPLICATE_METHOD_MATCH = YES;
				"CODE_SIGN_IDENTITY[sdk=iphoneos*]" = "iPhone Developer";
				COPY_PHASE_STRIP = NO;
				DEBUG_INFORMATION_FORMAT = "dwarf-with-dsym";
				ENABLE_NS_ASSERTIONS = NO;
				ENABLE_STRICT_OBJC_MSGSEND = YES;
				GCC_C_LANGUAGE_STANDARD = gnu99;
				GCC_NO_COMMON_BLOCKS = YES;
				GCC_WARN_64_TO_32_BIT_CONVERSION = YES;
				GCC_WARN_ABOUT_RETURN_TYPE = YES_ERROR;
				GCC_WARN_UNDECLARED_SELECTOR = YES;
				GCC_WARN_UNINITIALIZED_AUTOS = YES_AGGRESSIVE;
				GCC_WARN_UNUSED_FUNCTION = YES;
				GCC_WARN_UNUSED_VARIABLE = YES;
				IPHONEOS_DEPLOYMENT_TARGET = 8.4;
				MTL_ENABLE_DEBUG_INFO = NO;
				SDKROOT = iphoneos;
				VALIDATE_PRODUCT = YES;
			};
			name = Release;
		};
		B752DF4F1BA28EC00084BF70 /* Debug */ = {
			isa = XCBuildConfiguration;
			buildSettings = {
				ASSETCATALOG_COMPILER_APPICON_NAME = AppIcon;
				INFOPLIST_FILE = Demo_WebView/Info.plist;
				LD_RUNPATH_SEARCH_PATHS = "$(inherited) @executable_path/Frameworks";
				PRODUCT_NAME = "$(TARGET_NAME)";
			};
			name = Debug;
		};
		B752DF501BA28EC00084BF70 /* Release */ = {
			isa = XCBuildConfiguration;
			buildSettings = {
				ASSETCATALOG_COMPILER_APPICON_NAME = AppIcon;
				INFOPLIST_FILE = Demo_WebView/Info.plist;
				LD_RUNPATH_SEARCH_PATHS = "$(inherited) @executable_path/Frameworks";
				PRODUCT_NAME = "$(TARGET_NAME)";
			};
			name = Release;
		};
		B752DF521BA28EC00084BF70 /* Debug */ = {
			isa = XCBuildConfiguration;
			buildSettings = {
				BUNDLE_LOADER = "$(TEST_HOST)";
				FRAMEWORK_SEARCH_PATHS = (
					"$(SDKROOT)/Developer/Library/Frameworks",
					"$(inherited)",
				);
				GCC_PREPROCESSOR_DEFINITIONS = (
					"DEBUG=1",
					"$(inherited)",
				);
				INFOPLIST_FILE = Demo_WebViewTests/Info.plist;
				LD_RUNPATH_SEARCH_PATHS = "$(inherited) @executable_path/Frameworks @loader_path/Frameworks";
				PRODUCT_NAME = "$(TARGET_NAME)";
				TEST_HOST = "$(BUILT_PRODUCTS_DIR)/Demo_WebView.app/Demo_WebView";
			};
			name = Debug;
		};
		B752DF531BA28EC00084BF70 /* Release */ = {
			isa = XCBuildConfiguration;
			buildSettings = {
				BUNDLE_LOADER = "$(TEST_HOST)";
				FRAMEWORK_SEARCH_PATHS = (
					"$(SDKROOT)/Developer/Library/Frameworks",
					"$(inherited)",
				);
				INFOPLIST_FILE = Demo_WebViewTests/Info.plist;
				LD_RUNPATH_SEARCH_PATHS = "$(inherited) @executable_path/Frameworks @loader_path/Frameworks";
				PRODUCT_NAME = "$(TARGET_NAME)";
				TEST_HOST = "$(BUILT_PRODUCTS_DIR)/Demo_WebView.app/Demo_WebView";
			};
			name = Release;
		};
/* End XCBuildConfiguration section */

/* Begin XCConfigurationList section */
		B752DF261BA28EC00084BF70 /* Build configuration list for PBXProject "Demo_WebView" */ = {
			isa = XCConfigurationList;
			buildConfigurations = (
				B752DF4C1BA28EC00084BF70 /* Debug */,
				B752DF4D1BA28EC00084BF70 /* Release */,
			);
			defaultConfigurationIsVisible = 0;
			defaultConfigurationName = Release;
		};
		B752DF4E1BA28EC00084BF70 /* Build configuration list for PBXNativeTarget "Demo_WebView" */ = {
			isa = XCConfigurationList;
			buildConfigurations = (
				B752DF4F1BA28EC00084BF70 /* Debug */,
				B752DF501BA28EC00084BF70 /* Release */,
			);
			defaultConfigurationIsVisible = 0;
		};
		B752DF511BA28EC00084BF70 /* Build configuration list for PBXNativeTarget "Demo_WebViewTests" */ = {
			isa = XCConfigurationList;
			buildConfigurations = (
				B752DF521BA28EC00084BF70 /* Debug */,
				B752DF531BA28EC00084BF70 /* Release */,
			);
			defaultConfigurationIsVisible = 0;
		};
/* End XCConfigurationList section */
	};
	rootObject = B752DF231BA28EC00084BF70 /* Project object */;
}
