// !$*UTF8*$!
{
	archiveVersion = 1;
	classes = {
	};
	objectVersion = 46;
	objects = {

/* Begin PBXBuildFile section */
		B752DEFF1BA2872D0084BF70 /* main.m in Sources */ = {isa = PBXBuildFile; fileRef = B752DEFE1BA2872D0084BF70 /* main.m */; };
		B752DF021BA2872D0084BF70 /* AppDelegate.m in Sources */ = {isa = PBXBuildFile; fileRef = B752DF011BA2872D0084BF70 /* AppDelegate.m */; };
		B752DF051BA2872D0084BF70 /* ViewController.m in Sources */ = {isa = PBXBuildFile; fileRef = B752DF041BA2872D0084BF70 /* ViewController.m */; };
		B752DF081BA2872D0084BF70 /* Main.storyboard in Resources */ = {isa = PBXBuildFile; fileRef = B752DF061BA2872D0084BF70 /* Main.storyboard */; };
		B752DF0A1BA2872D0084BF70 /* Images.xcassets in Resources */ = {isa = PBXBuildFile; fileRef = B752DF091BA2872D0084BF70 /* Images.xcassets */; };
		B752DF0D1BA2872D0084BF70 /* LaunchScreen.xib in Resources */ = {isa = PBXBuildFile; fileRef = B752DF0B1BA2872D0084BF70 /* LaunchScreen.xib */; };
		B752DF191BA2872D0084BF70 /* Demo_datepickerTests.m in Sources */ = {isa = PBXBuildFile; fileRef = B752DF181BA2872D0084BF70 /* Demo_datepickerTests.m */; };
/* End PBXBuildFile section */

/* Begin PBXContainerItemProxy section */
		B752DF131BA2872D0084BF70 /* PBXContainerItemProxy */ = {
			isa = PBXContainerItemProxy;
			containerPortal = B752DEF11BA2872D0084BF70 /* Project object */;
			proxyType = 1;
			remoteGlobalIDString = B752DEF81BA2872D0084BF70;
			remoteInfo = Demo_datepicker;
		};
/* End PBXContainerItemProxy section */

/* Begin PBXFileReference section */
		B752DEF91BA2872D0084BF70 /* Demo_datepicker.app */ = {isa = PBXFileReference; explicitFileType = wrapper.application; includeInIndex = 0; path = Demo_datepicker.app; sourceTree = BUILT_PRODUCTS_DIR; };
		B752DEFD1BA2872D0084BF70 /* Info.plist */ = {isa = PBXFileReference; lastKnownFileType = text.plist.xml; path = Info.plist; sourceTree = "<group>"; };
		B752DEFE1BA2872D0084BF70 /* main.m */ = {isa = PBXFileReference; lastKnownFileType = sourcecode.c.objc; path = main.m; sourceTree = "<group>"; };
		B752DF001BA2872D0084BF70 /* AppDelegate.h */ = {isa = PBXFileReference; lastKnownFileType = sourcecode.c.h; path = AppDelegate.h; sourceTree = "<group>"; };
		B752DF011BA2872D0084BF70 /* AppDelegate.m */ = {isa = PBXFileReference; lastKnownFileType = sourcecode.c.objc; path = AppDelegate.m; sourceTree = "<group>"; };
		B752DF031BA2872D0084BF70 /* ViewController.h */ = {isa = PBXFileReference; lastKnownFileType = sourcecode.c.h; path = ViewController.h; sourceTree = "<group>"; };
		B752DF041BA2872D0084BF70 /* ViewController.m */ = {isa = PBXFileReference; lastKnownFileType = sourcecode.c.objc; path = ViewController.m; sourceTree = "<group>"; };
		B752DF071BA2872D0084BF70 /* Base */ = {isa = PBXFileReference; lastKnownFileType = file.storyboard; name = Base; path = Base.lproj/Main.storyboard; sourceTree = "<group>"; };
		B752DF091BA2872D0084BF70 /* Images.xcassets */ = {isa = PBXFileReference; lastKnownFileType = folder.assetcatalog; path = Images.xcassets; sourceTree = "<group>"; };
		B752DF0C1BA2872D0084BF70 /* Base */ = {isa = PBXFileReference; lastKnownFileType = file.xib; name = Base; path = Base.lproj/LaunchScreen.xib; sourceTree = "<group>"; };
		B752DF121BA2872D0084BF70 /* Demo_datepickerTests.xctest */ = {isa = PBXFileReference; explicitFileType = wrapper.cfbundle; includeInIndex = 0; path = Demo_datepickerTests.xctest; sourceTree = BUILT_PRODUCTS_DIR; };
		B752DF171BA2872D0084BF70 /* Info.plist */ = {isa = PBXFileReference; lastKnownFileType = text.plist.xml; path = Info.plist; sourceTree = "<group>"; };
		B752DF181BA2872D0084BF70 /* Demo_datepickerTests.m */ = {isa = PBXFileReference; lastKnownFileType = sourcecode.c.objc; path = Demo_datepickerTests.m; sourceTree = "<group>"; };
/* End PBXFileReference section */

/* Begin PBXFrameworksBuildPhase section */
		B752DEF61BA2872D0084BF70 /* Frameworks */ = {
			isa = PBXFrameworksBuildPhase;
			buildActionMask = 2147483647;
			files = (
			);
			runOnlyForDeploymentPostprocessing = 0;
		};
		B752DF0F1BA2872D0084BF70 /* Frameworks */ = {
			isa = PBXFrameworksBuildPhase;
			buildActionMask = 2147483647;
			files = (
			);
			runOnlyForDeploymentPostprocessing = 0;
		};
/* End PBXFrameworksBuildPhase section */

/* Begin PBXGroup section */
		B752DEF01BA2872D0084BF70 = {
			isa = PBXGroup;
			children = (
				B752DEFB1BA2872D0084BF70 /* Demo_datepicker */,
				B752DF151BA2872D0084BF70 /* Demo_datepickerTests */,
				B752DEFA1BA2872D0084BF70 /* Products */,
			);
			sourceTree = "<group>";
		};
		B752DEFA1BA2872D0084BF70 /* Products */ = {
			isa = PBXGroup;
			children = (
				B752DEF91BA2872D0084BF70 /* Demo_datepicker.app */,
				B752DF121BA2872D0084BF70 /* Demo_datepickerTests.xctest */,
			);
			name = Products;
			sourceTree = "<group>";
		};
		B752DEFB1BA2872D0084BF70 /* Demo_datepicker */ = {
			isa = PBXGroup;
			children = (
				B752DF001BA2872D0084BF70 /* AppDelegate.h */,
				B752DF011BA2872D0084BF70 /* AppDelegate.m */,
				B752DF031BA2872D0084BF70 /* ViewController.h */,
				B752DF041BA2872D0084BF70 /* ViewController.m */,
				B752DF061BA2872D0084BF70 /* Main.storyboard */,
				B752DF091BA2872D0084BF70 /* Images.xcassets */,
				B752DF0B1BA2872D0084BF70 /* LaunchScreen.xib */,
				B752DEFC1BA2872D0084BF70 /* Supporting Files */,
			);
			path = Demo_datepicker;
			sourceTree = "<group>";
		};
		B752DEFC1BA2872D0084BF70 /* Supporting Files */ = {
			isa = PBXGroup;
			children = (
				B752DEFD1BA2872D0084BF70 /* Info.plist */,
				B752DEFE1BA2872D0084BF70 /* main.m */,
			);
			name = "Supporting Files";
			sourceTree = "<group>";
		};
		B752DF151BA2872D0084BF70 /* Demo_datepickerTests */ = {
			isa = PBXGroup;
			children = (
				B752DF181BA2872D0084BF70 /* Demo_datepickerTests.m */,
				B752DF161BA2872D0084BF70 /* Supporting Files */,
			);
			path = Demo_datepickerTests;
			sourceTree = "<group>";
		};
		B752DF161BA2872D0084BF70 /* Supporting Files */ = {
			isa = PBXGroup;
			children = (
				B752DF171BA2872D0084BF70 /* Info.plist */,
			);
			name = "Supporting Files";
			sourceTree = "<group>";
		};
/* End PBXGroup section */

/* Begin PBXNativeTarget section */
		B752DEF81BA2872D0084BF70 /* Demo_datepicker */ = {
			isa = PBXNativeTarget;
			buildConfigurationList = B752DF1C1BA2872D0084BF70 /* Build configuration list for PBXNativeTarget "Demo_datepicker" */;
			buildPhases = (
				B752DEF51BA2872D0084BF70 /* Sources */,
				B752DEF61BA2872D0084BF70 /* Frameworks */,
				B752DEF71BA2872D0084BF70 /* Resources */,
			);
			buildRules = (
			);
			dependencies = (
			);
			name = Demo_datepicker;
			productName = Demo_datepicker;
			productReference = B752DEF91BA2872D0084BF70 /* Demo_datepicker.app */;
			productType = "com.apple.product-type.application";
		};
		B752DF111BA2872D0084BF70 /* Demo_datepickerTests */ = {
			isa = PBXNativeTarget;
			buildConfigurationList = B752DF1F1BA2872D0084BF70 /* Build configuration list for PBXNativeTarget "Demo_datepickerTests" */;
			buildPhases = (
				B752DF0E1BA2872D0084BF70 /* Sources */,
				B752DF0F1BA2872D0084BF70 /* Frameworks */,
				B752DF101BA2872D0084BF70 /* Resources */,
			);
			buildRules = (
			);
			dependencies = (
				B752DF141BA2872D0084BF70 /* PBXTargetDependency */,
			);
			name = Demo_datepickerTests;
			productName = Demo_datepickerTests;
			productReference = B752DF121BA2872D0084BF70 /* Demo_datepickerTests.xctest */;
			productType = "com.apple.product-type.bundle.unit-test";
		};
/* End PBXNativeTarget section */

/* Begin PBXProject section */
		B752DEF11BA2872D0084BF70 /* Project object */ = {
			isa = PBXProject;
			attributes = {
				LastUpgradeCheck = 0640;
				ORGANIZATIONNAME = notrace;
				TargetAttributes = {
					B752DEF81BA2872D0084BF70 = {
						CreatedOnToolsVersion = 6.4;
					};
					B752DF111BA2872D0084BF70 = {
						CreatedOnToolsVersion = 6.4;
						TestTargetID = B752DEF81BA2872D0084BF70;
					};
				};
			};
			buildConfigurationList = B752DEF41BA2872D0084BF70 /* Build configuration list for PBXProject "Demo_datepicker" */;
			compatibilityVersion = "Xcode 3.2";
			developmentRegion = English;
			hasScannedForEncodings = 0;
			knownRegions = (
				en,
				Base,
			);
			mainGroup = B752DEF01BA2872D0084BF70;
			productRefGroup = B752DEFA1BA2872D0084BF70 /* Products */;
			projectDirPath = "";
			projectRoot = "";
			targets = (
				B752DEF81BA2872D0084BF70 /* Demo_datepicker */,
				B752DF111BA2872D0084BF70 /* Demo_datepickerTests */,
			);
		};
/* End PBXProject section */

/* Begin PBXResourcesBuildPhase section */
		B752DEF71BA2872D0084BF70 /* Resources */ = {
			isa = PBXResourcesBuildPhase;
			buildActionMask = 2147483647;
			files = (
				B752DF081BA2872D0084BF70 /* Main.storyboard in Resources */,
				B752DF0D1BA2872D0084BF70 /* LaunchScreen.xib in Resources */,
				B752DF0A1BA2872D0084BF70 /* Images.xcassets in Resources */,
			);
			runOnlyForDeploymentPostprocessing = 0;
		};
		B752DF101BA2872D0084BF70 /* Resources */ = {
			isa = PBXResourcesBuildPhase;
			buildActionMask = 2147483647;
			files = (
			);
			runOnlyForDeploymentPostprocessing = 0;
		};
/* End PBXResourcesBuildPhase section */

/* Begin PBXSourcesBuildPhase section */
		B752DEF51BA2872D0084BF70 /* Sources */ = {
			isa = PBXSourcesBuildPhase;
			buildActionMask = 2147483647;
			files = (
				B752DF051BA2872D0084BF70 /* ViewController.m in Sources */,
				B752DF021BA2872D0084BF70 /* AppDelegate.m in Sources */,
				B752DEFF1BA2872D0084BF70 /* main.m in Sources */,
			);
			runOnlyForDeploymentPostprocessing = 0;
		};
		B752DF0E1BA2872D0084BF70 /* Sources */ = {
			isa = PBXSourcesBuildPhase;
			buildActionMask = 2147483647;
			files = (
				B752DF191BA2872D0084BF70 /* Demo_datepickerTests.m in Sources */,
			);
			runOnlyForDeploymentPostprocessing = 0;
		};
/* End PBXSourcesBuildPhase section */

/* Begin PBXTargetDependency section */
		B752DF141BA2872D0084BF70 /* PBXTargetDependency */ = {
			isa = PBXTargetDependency;
			target = B752DEF81BA2872D0084BF70 /* Demo_datepicker */;
			targetProxy = B752DF131BA2872D0084BF70 /* PBXContainerItemProxy */;
		};
/* End PBXTargetDependency section */

/* Begin PBXVariantGroup section */
		B752DF061BA2872D0084BF70 /* Main.storyboard */ = {
			isa = PBXVariantGroup;
			children = (
				B752DF071BA2872D0084BF70 /* Base */,
			);
			name = Main.storyboard;
			sourceTree = "<group>";
		};
		B752DF0B1BA2872D0084BF70 /* LaunchScreen.xib */ = {
			isa = PBXVariantGroup;
			children = (
				B752DF0C1BA2872D0084BF70 /* Base */,
			);
			name = LaunchScreen.xib;
			sourceTree = "<group>";
		};
/* End PBXVariantGroup section */

/* Begin XCBuildConfiguration section */
		B752DF1A1BA2872D0084BF70 /* Debug */ = {
			isa = XCBuildConfiguration;
			buildSettings = {
				ALWAYS_SEARCH_USER_PATHS = NO;
				CLANG_CXX_LANGUAGE_STANDARD = "gnu++0x";
				CLANG_CXX_LIBRARY = "libc++";
				CLANG_ENABLE_MODULES = YES;
				CLANG_ENABLE_OBJC_ARC = YES;
				CLANG_WARN_BOOL_CONVERSION = YES;
				CLANG_WARN_CONSTANT_CONVERSION = YES;
				CLANG_WARN_DIRECT_OBJC_ISA_USAGE = YES_ERROR;
				CLANG_WARN_EMPTY_BODY = YES;
				CLANG_WARN_ENUM_CONVERSION = YES;
				CLANG_WARN_INT_CONVERSION = YES;
				CLANG_WARN_OBJC_ROOT_CLASS = YES_ERROR;
				CLANG_WARN_UNREACHABLE_CODE = YES;
				CLANG_WARN__DUPLICATE_METHOD_MATCH = YES;
				"CODE_SIGN_IDENTITY[sdk=iphoneos*]" = "iPhone Developer";
				COPY_PHASE_STRIP = NO;
				DEBUG_INFORMATION_FORMAT = "dwarf-with-dsym";
				ENABLE_STRICT_OBJC_MSGSEND = YES;
				GCC_C_LANGUAGE_STANDARD = gnu99;
				GCC_DYNAMIC_NO_PIC = NO;
				GCC_NO_COMMON_BLOCKS = YES;
				GCC_OPTIMIZATION_LEVEL = 0;
				GCC_PREPROCESSOR_DEFINITIONS = (
					"DEBUG=1",
					"$(inherited)",
				);
				GCC_SYMBOLS_PRIVATE_EXTERN = NO;
				GCC_WARN_64_TO_32_BIT_CONVERSION = YES;
				GCC_WARN_ABOUT_RETURN_TYPE = YES_ERROR;
				GCC_WARN_UNDECLARED_SELECTOR = YES;
				GCC_WARN_UNINITIALIZED_AUTOS = YES_AGGRESSIVE;
				GCC_WARN_UNUSED_FUNCTION = YES;
				GCC_WARN_UNUSED_VARIABLE = YES;
				IPHONEOS_DEPLOYMENT_TARGET = 8.4;
				MTL_ENABLE_DEBUG_INFO = YES;
				ONLY_ACTIVE_ARCH = YES;
				SDKROOT = iphoneos;
			};
			name = Debug;
		};
		B752DF1B1BA2872D0084BF70 /* Release */ = {
			isa = XCBuildConfiguration;
			buildSettings = {
				ALWAYS_SEARCH_USER_PATHS = NO;
				CLANG_CXX_LANGUAGE_STANDARD = "gnu++0x";
				CLANG_CXX_LIBRARY = "libc++";
				CLANG_ENABLE_MODULES = YES;
				CLANG_ENABLE_OBJC_ARC = YES;
				CLANG_WARN_BOOL_CONVERSION = YES;
				CLANG_WARN_CONSTANT_CONVERSION = YES;
				CLANG_WARN_DIRECT_OBJC_ISA_USAGE = YES_ERROR;
				CLANG_WARN_EMPTY_BODY = YES;
				CLANG_WARN_ENUM_CONVERSION = YES;
				CLANG_WARN_INT_CONVERSION = YES;
				CLANG_WARN_OBJC_ROOT_CLASS = YES_ERROR;
				CLANG_WARN_UNREACHABLE_CODE = YES;
				CLANG_WARN__DUPLICATE_METHOD_MATCH = YES;
				"CODE_SIGN_IDENTITY[sdk=iphoneos*]" = "iPhone Developer";
				COPY_PHASE_STRIP = NO;
				DEBUG_INFORMATION_FORMAT = "dwarf-with-dsym";
				ENABLE_NS_ASSERTIONS = NO;
				ENABLE_STRICT_OBJC_MSGSEND = YES;
				GCC_C_LANGUAGE_STANDARD = gnu99;
				GCC_NO_COMMON_BLOCKS = YES;
				GCC_WARN_64_TO_32_BIT_CONVERSION = YES;
				GCC_WARN_ABOUT_RETURN_TYPE = YES_ERROR;
				GCC_WARN_UNDECLARED_SELECTOR = YES;
				GCC_WARN_UNINITIALIZED_AUTOS = YES_AGGRESSIVE;
				GCC_WARN_UNUSED_FUNCTION = YES;
				GCC_WARN_UNUSED_VARIABLE = YES;
				IPHONEOS_DEPLOYMENT_TARGET = 8.4;
				MTL_ENABLE_DEBUG_INFO = NO;
				SDKROOT = iphoneos;
				VALIDATE_PRODUCT = YES;
			};
			name = Release;
		};
		B752DF1D1BA2872D0084BF70 /* Debug */ = {
			isa = XCBuildConfiguration;
			buildSettings = {
				ASSETCATALOG_COMPILER_APPICON_NAME = AppIcon;
				INFOPLIST_FILE = Demo_datepicker/Info.plist;
				LD_RUNPATH_SEARCH_PATHS = "$(inherited) @executable_path/Frameworks";
				PRODUCT_NAME = "$(TARGET_NAME)";
			};
			name = Debug;
		};
		B752DF1E1BA2872D0084BF70 /* Release */ = {
			isa = XCBuildConfiguration;
			buildSettings = {
				ASSETCATALOG_COMPILER_APPICON_NAME = AppIcon;
				INFOPLIST_FILE = Demo_datepicker/Info.plist;
				LD_RUNPATH_SEARCH_PATHS = "$(inherited) @executable_path/Frameworks";
				PRODUCT_NAME = "$(TARGET_NAME)";
			};
			name = Release;
		};
		B752DF201BA2872D0084BF70 /* Debug */ = {
			isa = XCBuildConfiguration;
			buildSettings = {
				BUNDLE_LOADER = "$(TEST_HOST)";
				FRAMEWORK_SEARCH_PATHS = (
					"$(SDKROOT)/Developer/Library/Frameworks",
					"$(inherited)",
				);
				GCC_PREPROCESSOR_DEFINITIONS = (
					"DEBUG=1",
					"$(inherited)",
				);
				INFOPLIST_FILE = Demo_datepickerTests/Info.plist;
				LD_RUNPATH_SEARCH_PATHS = "$(inherited) @executable_path/Frameworks @loader_path/Frameworks";
				PRODUCT_NAME = "$(TARGET_NAME)";
				TEST_HOST = "$(BUILT_PRODUCTS_DIR)/Demo_datepicker.app/Demo_datepicker";
			};
			name = Debug;
		};
		B752DF211BA2872D0084BF70 /* Release */ = {
			isa = XCBuildConfiguration;
			buildSettings = {
				BUNDLE_LOADER = "$(TEST_HOST)";
				FRAMEWORK_SEARCH_PATHS = (
					"$(SDKROOT)/Developer/Library/Frameworks",
					"$(inherited)",
				);
				INFOPLIST_FILE = Demo_datepickerTests/Info.plist;
				LD_RUNPATH_SEARCH_PATHS = "$(inherited) @executable_path/Frameworks @loader_path/Frameworks";
				PRODUCT_NAME = "$(TARGET_NAME)";
				TEST_HOST = "$(BUILT_PRODUCTS_DIR)/Demo_datepicker.app/Demo_datepicker";
			};
			name = Release;
		};
/* End XCBuildConfiguration section */

/* Begin XCConfigurationList section */
		B752DEF41BA2872D0084BF70 /* Build configuration list for PBXProject "Demo_datepicker" */ = {
			isa = XCConfigurationList;
			buildConfigurations = (
				B752DF1A1BA2872D0084BF70 /* Debug */,
				B752DF1B1BA2872D0084BF70 /* Release */,
			);
			defaultConfigurationIsVisible = 0;
			defaultConfigurationName = Release;
		};
		B752DF1C1BA2872D0084BF70 /* Build configuration list for PBXNativeTarget "Demo_datepicker" */ = {
			isa = XCConfigurationList;
			buildConfigurations = (
				B752DF1D1BA2872D0084BF70 /* Debug */,
				B752DF1E1BA2872D0084BF70 /* Release */,
			);
			defaultConfigurationIsVisible = 0;
		};
		B752DF1F1BA2872D0084BF70 /* Build configuration list for PBXNativeTarget "Demo_datepickerTests" */ = {
			isa = XCConfigurationList;
			buildConfigurations = (
				B752DF201BA2872D0084BF70 /* Debug */,
				B752DF211BA2872D0084BF70 /* Release */,
			);
			defaultConfigurationIsVisible = 0;
		};
/* End XCConfigurationList section */
	};
	rootObject = B752DEF11BA2872D0084BF70 /* Project object */;
}
